
Microsoft Visual Studio Solution File, Format Version 12.00
# Visual Studio Version 17
VisualStudioVersion = 17.5.33424.131
MinimumVisualStudioVersion = 10.0.40219.1
Project("{FAE04EC0-301F-11D3-BF4B-00C04F79EFBC}") = "eMovies", "eMovies\eMovies.csproj", "{0DA2A9A4-3ADF-4DB8-9892-752B1D4E59DA}"
EndProject
Global
	GlobalSection(SolutionConfigurationPlatforms) = preSolution
		Debug|Any CPU = Debug|Any CPU
		Release|Any CPU = Release|Any CPU
	EndGlobalSection
	GlobalSection(ProjectConfigurationPlatforms) = postSolution
		{0DA2A9A4-3ADF-4DB8-9892-752B1D4E59DA}.Debug|Any CPU.ActiveCfg = Debug|Any CPU
		{0DA2A9A4-3ADF-4DB8-9892-752B1D4E59DA}.Debug|Any CPU.Build.0 = Debug|Any CPU
		{0DA2A9A4-3ADF-4DB8-9892-752B1D4E59DA}.Release|Any CPU.ActiveCfg = Release|Any CPU
		{0DA2A9A4-3ADF-4DB8-9892-752B1D4E59DA}.Release|Any CPU.Build.0 = Release|Any CPU
	EndGlobalSection
	GlobalSection(SolutionProperties) = preSolution
		HideSolutionNode = FALSE
	EndGlobalSection
	GlobalSection(ExtensibilityGlobals) = postSolution
		SolutionGuid = {32A445D4-F029-4BD6-B98A-537B935FC36D}
	EndGlobalSection
EndGlobal
